
Microsoft Visual Studio Solution File, Format Version 12.00
# Visual Studio Version 16
VisualStudioVersion = 16.0.28922.388
MinimumVisualStudioVersion = 10.0.40219.1
Project("{FAE04EC0-301F-11D3-BF4B-00C04F79EFBC}") = "MVCWebServiceDemo", "MVCWebServiceDemo\MVCWebServiceDemo.csproj", "{81DC0D79-84AC-485C-AF2B-65545921A9CC}"
EndProject
Global
	GlobalSection(SolutionConfigurationPlatforms) = preSolution
		Debug|Any CPU = Debug|Any CPU
		Release|Any CPU = Release|Any CPU
	EndGlobalSection
	GlobalSection(ProjectConfigurationPlatforms) = postSolution
		{81DC0D79-84AC-485C-AF2B-65545921A9CC}.Debug|Any CPU.ActiveCfg = Debug|Any CPU
		{81DC0D79-84AC-485C-AF2B-65545921A9CC}.Debug|Any CPU.Build.0 = Debug|Any CPU
		{81DC0D79-84AC-485C-AF2B-65545921A9CC}.Release|Any CPU.ActiveCfg = Release|Any CPU
		{81DC0D79-84AC-485C-AF2B-65545921A9CC}.Release|Any CPU.Build.0 = Release|Any CPU
	EndGlobalSection
	GlobalSection(SolutionProperties) = preSolution
		HideSolutionNode = FALSE
	EndGlobalSection
	GlobalSection(ExtensibilityGlobals) = postSolution
		SolutionGuid = {23DBBE29-3674-4651-8DC8-26E9BAFA921D}
	EndGlobalSection
EndGlobal
